// !$*UTF8*$!
{
	archiveVersion = 1;
	classes = {
	};
	objectVersion = 46;
	objects = {

/* Begin PBXBuildFile section */
		DF3FF19C1C2EA2A100C55D84 /* libiconv.tbd in Frameworks */ = {isa = PBXBuildFile; fileRef = DF3FF19B1C2EA2A100C55D84 /* libiconv.tbd */; };
		DF3FF1C71C2EB15700C55D84 /* libdsm.a in Frameworks */ = {isa = PBXBuildFile; fileRef = DF3FF1B51C2EB15700C55D84 /* libdsm.a */; };
		DF3FF1C81C2EB15700C55D84 /* libtasn1.a in Frameworks */ = {isa = PBXBuildFile; fileRef = DF3FF1B61C2EB15700C55D84 /* libtasn1.a */; };
		DF3FF1C91C2EB15700C55D84 /* TONetBIOSNameService.m in Sources */ = {isa = PBXBuildFile; fileRef = DF3FF1B81C2EB15700C55D84 /* TONetBIOSNameService.m */; };
		DF3FF1CA1C2EB15700C55D84 /* TONetBIOSNameServiceEntry.m in Sources */ = {isa = PBXBuildFile; fileRef = DF3FF1BA1C2EB15700C55D84 /* TONetBIOSNameServiceEntry.m */; };
		DF3FF1CB1C2EB15700C55D84 /* TOSMBConstants.m in Sources */ = {isa = PBXBuildFile; fileRef = DF3FF1BD1C2EB15700C55D84 /* TOSMBConstants.m */; };
		DF3FF1CC1C2EB15700C55D84 /* TOSMBExifDownloadTask.m in Sources */ = {isa = PBXBuildFile; fileRef = DF3FF1BF1C2EB15700C55D84 /* TOSMBExifDownloadTask.m */; };
		DF3FF1CD1C2EB15700C55D84 /* TOSMBSession.m in Sources */ = {isa = PBXBuildFile; fileRef = DF3FF1C11C2EB15700C55D84 /* TOSMBSession.m */; };
		DF3FF1CE1C2EB15700C55D84 /* TOSMBSessionDownloadTask.m in Sources */ = {isa = PBXBuildFile; fileRef = DF3FF1C31C2EB15700C55D84 /* TOSMBSessionDownloadTask.m */; };
		DF3FF1CF1C2EB15700C55D84 /* TOSMBSessionFile.m in Sources */ = {isa = PBXBuildFile; fileRef = DF3FF1C51C2EB15700C55D84 /* TOSMBSessionFile.m */; };
		DF3FF2001C2EC55F00C55D84 /* LoadingView.m in Sources */ = {isa = PBXBuildFile; fileRef = DF3FF1FF1C2EC55F00C55D84 /* LoadingView.m */; };
		DF3FF2031C2ED84500C55D84 /* SeverListViewController.m in Sources */ = {isa = PBXBuildFile; fileRef = DF3FF2021C2ED84500C55D84 /* SeverListViewController.m */; };
		DF3FF2051C2FE53000C55D84 /* AVFoundation.framework in Frameworks */ = {isa = PBXBuildFile; fileRef = DF3FF2041C2FE53000C55D84 /* AVFoundation.framework */; };
		DF3FF2081C2FF02200C55D84 /* BackgroundRunner.m in Sources */ = {isa = PBXBuildFile; fileRef = DF3FF2071C2FF02200C55D84 /* BackgroundRunner.m */; };
		DF7D90301C24F43300654258 /* DefaultBackgroundImage.png in Resources */ = {isa = PBXBuildFile; fileRef = DF7D902F1C24F43300654258 /* DefaultBackgroundImage.png */; };
		DF7D90341C25849E00654258 /* huaduobg.png in Resources */ = {isa = PBXBuildFile; fileRef = DF7D90331C25849E00654258 /* huaduobg.png */; };
		DF84FEA21C2AB9F900D7CF9E /* DayPictureCell.m in Sources */ = {isa = PBXBuildFile; fileRef = DF84FEA11C2AB9F900D7CF9E /* DayPictureCell.m */; };
		DF84FEA51C2ABAC300D7CF9E /* PictureInfo.m in Sources */ = {isa = PBXBuildFile; fileRef = DF84FEA41C2ABAC300D7CF9E /* PictureInfo.m */; };
		DF84FEA71C2ACB1F00D7CF9E /* DayPictureCellBackground.png in Resources */ = {isa = PBXBuildFile; fileRef = DF84FEA61C2ACB1F00D7CF9E /* DayPictureCellBackground.png */; };
		DF8731751C24251500B755FB /* main.m in Sources */ = {isa = PBXBuildFile; fileRef = DF8731741C24251500B755FB /* main.m */; };
		DF8731781C24251500B755FB /* AppDelegate.m in Sources */ = {isa = PBXBuildFile; fileRef = DF8731771C24251500B755FB /* AppDelegate.m */; };
		DF8731801C24251500B755FB /* Assets.xcassets in Resources */ = {isa = PBXBuildFile; fileRef = DF87317F1C24251500B755FB /* Assets.xcassets */; };
		DF8731831C24251500B755FB /* LaunchScreen.storyboard in Resources */ = {isa = PBXBuildFile; fileRef = DF8731811C24251500B755FB /* LaunchScreen.storyboard */; };
		DF87318E1C24251500B755FB /* PictureManagerTests.m in Sources */ = {isa = PBXBuildFile; fileRef = DF87318D1C24251500B755FB /* PictureManagerTests.m */; };
		DF8731991C24251500B755FB /* PictureManagerUITests.m in Sources */ = {isa = PBXBuildFile; fileRef = DF8731981C24251500B755FB /* PictureManagerUITests.m */; };
		DF8731A81C2425D800B755FB /* RootViewController.m in Sources */ = {isa = PBXBuildFile; fileRef = DF8731A71C2425D800B755FB /* RootViewController.m */; };
		DF8731AE1C24316000B755FB /* BasicViewController.m in Sources */ = {isa = PBXBuildFile; fileRef = DF8731AD1C24316000B755FB /* BasicViewController.m */; };
		DF8731B11C24318900B755FB /* TimeAxisViewController.m in Sources */ = {isa = PBXBuildFile; fileRef = DF8731B01C24318900B755FB /* TimeAxisViewController.m */; };
		DF8731B31C243F1A00B755FB /* 1-watch.png in Resources */ = {isa = PBXBuildFile; fileRef = DF8731B21C243F1A00B755FB /* 1-watch.png */; };
		DF8731B51C243FB700B755FB /* 1-watch@2x.png in Resources */ = {isa = PBXBuildFile; fileRef = DF8731B41C243FB700B755FB /* 1-watch@2x.png */; };
		DF8731B71C24400C00B755FB /* 1-watch@3x.png in Resources */ = {isa = PBXBuildFile; fileRef = DF8731B61C24400C00B755FB /* 1-watch@3x.png */; };
		DF8731BA1C2442E500B755FB /* ScrollView.m in Sources */ = {isa = PBXBuildFile; fileRef = DF8731B91C2442E500B755FB /* ScrollView.m */; };
		DF8B9A641C36E50B0000B911 /* image.png in Resources */ = {isa = PBXBuildFile; fileRef = DF8B9A631C36E50B0000B911 /* image.png */; };
		DFA35B421C32C43700C8C28F /* UpdateMessageView.m in Sources */ = {isa = PBXBuildFile; fileRef = DFA35B411C32C43700C8C28F /* UpdateMessageView.m */; };
/* End PBXBuildFile section */

/* Begin PBXContainerItemProxy section */
		DF87318A1C24251500B755FB /* PBXContainerItemProxy */ = {
			isa = PBXContainerItemProxy;
			containerPortal = DF8731681C24251400B755FB /* Project object */;
			proxyType = 1;
			remoteGlobalIDString = DF87316F1C24251400B755FB;
			remoteInfo = PictureManager;
		};
		DF8731951C24251500B755FB /* PBXContainerItemProxy */ = {
			isa = PBXContainerItemProxy;
			containerPortal = DF8731681C24251400B755FB /* Project object */;
			proxyType = 1;
			remoteGlobalIDString = DF87316F1C24251400B755FB;
			remoteInfo = PictureManager;
		};
/* End PBXContainerItemProxy section */

/* Begin PBXFileReference section */
		DF3FF19B1C2EA2A100C55D84 /* libiconv.tbd */ = {isa = PBXFileReference; lastKnownFileType = "sourcecode.text-based-dylib-definition"; name = libiconv.tbd; path = usr/lib/libiconv.tbd; sourceTree = SDKROOT; };
		DF3FF1AB1C2EB15700C55D84 /* bdsm.h */ = {isa = PBXFileReference; fileEncoding = 4; lastKnownFileType = sourcecode.c.h; path = bdsm.h; sourceTree = "<group>"; };
		DF3FF1AC1C2EB15700C55D84 /* libtasn1.h */ = {isa = PBXFileReference; fileEncoding = 4; lastKnownFileType = sourcecode.c.h; path = libtasn1.h; sourceTree = "<group>"; };
		DF3FF1AD1C2EB15700C55D84 /* netbios_defs.h */ = {isa = PBXFileReference; fileEncoding = 4; lastKnownFileType = sourcecode.c.h; path = netbios_defs.h; sourceTree = "<group>"; };
		DF3FF1AE1C2EB15700C55D84 /* netbios_ns.h */ = {isa = PBXFileReference; fileEncoding = 4; lastKnownFileType = sourcecode.c.h; path = netbios_ns.h; sourceTree = "<group>"; };
		DF3FF1AF1C2EB15700C55D84 /* smb_defs.h */ = {isa = PBXFileReference; fileEncoding = 4; lastKnownFileType = sourcecode.c.h; path = smb_defs.h; sourceTree = "<group>"; };
		DF3FF1B01C2EB15700C55D84 /* smb_file.h */ = {isa = PBXFileReference; fileEncoding = 4; lastKnownFileType = sourcecode.c.h; path = smb_file.h; sourceTree = "<group>"; };
		DF3FF1B11C2EB15700C55D84 /* smb_session.h */ = {isa = PBXFileReference; fileEncoding = 4; lastKnownFileType = sourcecode.c.h; path = smb_session.h; sourceTree = "<group>"; };
		DF3FF1B21C2EB15700C55D84 /* smb_share.h */ = {isa = PBXFileReference; fileEncoding = 4; lastKnownFileType = sourcecode.c.h; path = smb_share.h; sourceTree = "<group>"; };
		DF3FF1B31C2EB15700C55D84 /* smb_stat.h */ = {isa = PBXFileReference; fileEncoding = 4; lastKnownFileType = sourcecode.c.h; path = smb_stat.h; sourceTree = "<group>"; };
		DF3FF1B41C2EB15700C55D84 /* smb_types.h */ = {isa = PBXFileReference; fileEncoding = 4; lastKnownFileType = sourcecode.c.h; path = smb_types.h; sourceTree = "<group>"; };
		DF3FF1B51C2EB15700C55D84 /* libdsm.a */ = {isa = PBXFileReference; lastKnownFileType = archive.ar; path = libdsm.a; sourceTree = "<group>"; };
		DF3FF1B61C2EB15700C55D84 /* libtasn1.a */ = {isa = PBXFileReference; lastKnownFileType = archive.ar; path = libtasn1.a; sourceTree = "<group>"; };
		DF3FF1B71C2EB15700C55D84 /* TONetBIOSNameService.h */ = {isa = PBXFileReference; fileEncoding = 4; lastKnownFileType = sourcecode.c.h; path = TONetBIOSNameService.h; sourceTree = "<group>"; };
		DF3FF1B81C2EB15700C55D84 /* TONetBIOSNameService.m */ = {isa = PBXFileReference; fileEncoding = 4; lastKnownFileType = sourcecode.c.objc; path = TONetBIOSNameService.m; sourceTree = "<group>"; };
		DF3FF1B91C2EB15700C55D84 /* TONetBIOSNameServiceEntry.h */ = {isa = PBXFileReference; fileEncoding = 4; lastKnownFileType = sourcecode.c.h; path = TONetBIOSNameServiceEntry.h; sourceTree = "<group>"; };
		DF3FF1BA1C2EB15700C55D84 /* TONetBIOSNameServiceEntry.m */ = {isa = PBXFileReference; fileEncoding = 4; lastKnownFileType = sourcecode.c.objc; path = TONetBIOSNameServiceEntry.m; sourceTree = "<group>"; };
		DF3FF1BB1C2EB15700C55D84 /* TOSMBClient.h */ = {isa = PBXFileReference; fileEncoding = 4; lastKnownFileType = sourcecode.c.h; path = TOSMBClient.h; sourceTree = "<group>"; };
		DF3FF1BC1C2EB15700C55D84 /* TOSMBConstants.h */ = {isa = PBXFileReference; fileEncoding = 4; lastKnownFileType = sourcecode.c.h; path = TOSMBConstants.h; sourceTree = "<group>"; };
		DF3FF1BD1C2EB15700C55D84 /* TOSMBConstants.m */ = {isa = PBXFileReference; fileEncoding = 4; lastKnownFileType = sourcecode.c.objc; path = TOSMBConstants.m; sourceTree = "<group>"; };
		DF3FF1BE1C2EB15700C55D84 /* TOSMBExifDownloadTask.h */ = {isa = PBXFileReference; fileEncoding = 4; lastKnownFileType = sourcecode.c.h; path = TOSMBExifDownloadTask.h; sourceTree = "<group>"; };
		DF3FF1BF1C2EB15700C55D84 /* TOSMBExifDownloadTask.m */ = {isa = PBXFileReference; fileEncoding = 4; lastKnownFileType = sourcecode.c.objc; path = TOSMBExifDownloadTask.m; sourceTree = "<group>"; };
		DF3FF1C01C2EB15700C55D84 /* TOSMBSession.h */ = {isa = PBXFileReference; fileEncoding = 4; lastKnownFileType = sourcecode.c.h; path = TOSMBSession.h; sourceTree = "<group>"; };
		DF3FF1C11C2EB15700C55D84 /* TOSMBSession.m */ = {isa = PBXFileReference; fileEncoding = 4; lastKnownFileType = sourcecode.c.objc; path = TOSMBSession.m; sourceTree = "<group>"; };
		DF3FF1C21C2EB15700C55D84 /* TOSMBSessionDownloadTask.h */ = {isa = PBXFileReference; fileEncoding = 4; lastKnownFileType = sourcecode.c.h; path = TOSMBSessionDownloadTask.h; sourceTree = "<group>"; };
		DF3FF1C31C2EB15700C55D84 /* TOSMBSessionDownloadTask.m */ = {isa = PBXFileReference; fileEncoding = 4; lastKnownFileType = sourcecode.c.objc; path = TOSMBSessionDownloadTask.m; sourceTree = "<group>"; };
		DF3FF1C41C2EB15700C55D84 /* TOSMBSessionFile.h */ = {isa = PBXFileReference; fileEncoding = 4; lastKnownFileType = sourcecode.c.h; path = TOSMBSessionFile.h; sourceTree = "<group>"; };
		DF3FF1C51C2EB15700C55D84 /* TOSMBSessionFile.m */ = {isa = PBXFileReference; fileEncoding = 4; lastKnownFileType = sourcecode.c.objc; path = TOSMBSessionFile.m; sourceTree = "<group>"; };
		DF3FF1FE1C2EC55F00C55D84 /* LoadingView.h */ = {isa = PBXFileReference; fileEncoding = 4; lastKnownFileType = sourcecode.c.h; path = LoadingView.h; sourceTree = "<group>"; };
		DF3FF1FF1C2EC55F00C55D84 /* LoadingView.m */ = {isa = PBXFileReference; fileEncoding = 4; lastKnownFileType = sourcecode.c.objc; path = LoadingView.m; sourceTree = "<group>"; };
		DF3FF2011C2ED84500C55D84 /* SeverListViewController.h */ = {isa = PBXFileReference; fileEncoding = 4; lastKnownFileType = sourcecode.c.h; path = SeverListViewController.h; sourceTree = "<group>"; };
		DF3FF2021C2ED84500C55D84 /* SeverListViewController.m */ = {isa = PBXFileReference; fileEncoding = 4; lastKnownFileType = sourcecode.c.objc; path = SeverListViewController.m; sourceTree = "<group>"; };
		DF3FF2041C2FE53000C55D84 /* AVFoundation.framework */ = {isa = PBXFileReference; lastKnownFileType = wrapper.framework; name = AVFoundation.framework; path = System/Library/Frameworks/AVFoundation.framework; sourceTree = SDKROOT; };
		DF3FF2061C2FF02200C55D84 /* BackgroundRunner.h */ = {isa = PBXFileReference; fileEncoding = 4; lastKnownFileType = sourcecode.c.h; path = BackgroundRunner.h; sourceTree = "<group>"; };
		DF3FF2071C2FF02200C55D84 /* BackgroundRunner.m */ = {isa = PBXFileReference; fileEncoding = 4; lastKnownFileType = sourcecode.c.objc; path = BackgroundRunner.m; sourceTree = "<group>"; };
		DF7D902F1C24F43300654258 /* DefaultBackgroundImage.png */ = {isa = PBXFileReference; lastKnownFileType = image.png; path = DefaultBackgroundImage.png; sourceTree = "<group>"; };
		DF7D90331C25849E00654258 /* huaduobg.png */ = {isa = PBXFileReference; lastKnownFileType = image.png; path = huaduobg.png; sourceTree = "<group>"; };
		DF84FEA01C2AB9F900D7CF9E /* DayPictureCell.h */ = {isa = PBXFileReference; fileEncoding = 4; lastKnownFileType = sourcecode.c.h; path = DayPictureCell.h; sourceTree = "<group>"; };
		DF84FEA11C2AB9F900D7CF9E /* DayPictureCell.m */ = {isa = PBXFileReference; fileEncoding = 4; lastKnownFileType = sourcecode.c.objc; path = DayPictureCell.m; sourceTree = "<group>"; };
		DF84FEA31C2ABAC300D7CF9E /* PictureInfo.h */ = {isa = PBXFileReference; fileEncoding = 4; lastKnownFileType = sourcecode.c.h; path = PictureInfo.h; sourceTree = "<group>"; };
		DF84FEA41C2ABAC300D7CF9E /* PictureInfo.m */ = {isa = PBXFileReference; fileEncoding = 4; lastKnownFileType = sourcecode.c.objc; path = PictureInfo.m; sourceTree = "<group>"; };
		DF84FEA61C2ACB1F00D7CF9E /* DayPictureCellBackground.png */ = {isa = PBXFileReference; lastKnownFileType = image.png; path = DayPictureCellBackground.png; sourceTree = "<group>"; };
		DF8731701C24251400B755FB /* PictureManager.app */ = {isa = PBXFileReference; explicitFileType = wrapper.application; includeInIndex = 0; path = PictureManager.app; sourceTree = BUILT_PRODUCTS_DIR; };
		DF8731741C24251500B755FB /* main.m */ = {isa = PBXFileReference; lastKnownFileType = sourcecode.c.objc; path = main.m; sourceTree = "<group>"; };
		DF8731761C24251500B755FB /* AppDelegate.h */ = {isa = PBXFileReference; lastKnownFileType = sourcecode.c.h; path = AppDelegate.h; sourceTree = "<group>"; };
		DF8731771C24251500B755FB /* AppDelegate.m */ = {isa = PBXFileReference; lastKnownFileType = sourcecode.c.objc; path = AppDelegate.m; sourceTree = "<group>"; };
		DF87317F1C24251500B755FB /* Assets.xcassets */ = {isa = PBXFileReference; lastKnownFileType = folder.assetcatalog; path = Assets.xcassets; sourceTree = "<group>"; };
		DF8731821C24251500B755FB /* Base */ = {isa = PBXFileReference; lastKnownFileType = file.storyboard; name = Base; path = Base.lproj/LaunchScreen.storyboard; sourceTree = "<group>"; };
		DF8731841C24251500B755FB /* Info.plist */ = {isa = PBXFileReference; lastKnownFileType = text.plist.xml; path = Info.plist; sourceTree = "<group>"; };
		DF8731891C24251500B755FB /* PictureManagerTests.xctest */ = {isa = PBXFileReference; explicitFileType = wrapper.cfbundle; includeInIndex = 0; path = PictureManagerTests.xctest; sourceTree = BUILT_PRODUCTS_DIR; };
		DF87318D1C24251500B755FB /* PictureManagerTests.m */ = {isa = PBXFileReference; lastKnownFileType = sourcecode.c.objc; path = PictureManagerTests.m; sourceTree = "<group>"; };
		DF87318F1C24251500B755FB /* Info.plist */ = {isa = PBXFileReference; lastKnownFileType = text.plist.xml; path = Info.plist; sourceTree = "<group>"; };
		DF8731941C24251500B755FB /* PictureManagerUITests.xctest */ = {isa = PBXFileReference; explicitFileType = wrapper.cfbundle; includeInIndex = 0; path = PictureManagerUITests.xctest; sourceTree = BUILT_PRODUCTS_DIR; };
		DF8731981C24251500B755FB /* PictureManagerUITests.m */ = {isa = PBXFileReference; lastKnownFileType = sourcecode.c.objc; path = PictureManagerUITests.m; sourceTree = "<group>"; };
		DF87319A1C24251500B755FB /* Info.plist */ = {isa = PBXFileReference; lastKnownFileType = text.plist.xml; path = Info.plist; sourceTree = "<group>"; };
		DF8731A61C2425D800B755FB /* RootViewController.h */ = {isa = PBXFileReference; fileEncoding = 4; lastKnownFileType = sourcecode.c.h; path = RootViewController.h; sourceTree = "<group>"; };
		DF8731A71C2425D800B755FB /* RootViewController.m */ = {isa = PBXFileReference; fileEncoding = 4; lastKnownFileType = sourcecode.c.objc; path = RootViewController.m; sourceTree = "<group>"; };
		DF8731AC1C24316000B755FB /* BasicViewController.h */ = {isa = PBXFileReference; fileEncoding = 4; lastKnownFileType = sourcecode.c.h; path = BasicViewController.h; sourceTree = "<group>"; };
		DF8731AD1C24316000B755FB /* BasicViewController.m */ = {isa = PBXFileReference; fileEncoding = 4; lastKnownFileType = sourcecode.c.objc; path = BasicViewController.m; sourceTree = "<group>"; };
		DF8731AF1C24318900B755FB /* TimeAxisViewController.h */ = {isa = PBXFileReference; fileEncoding = 4; lastKnownFileType = sourcecode.c.h; name = TimeAxisViewController.h; path = ../TimeAxisViewController.h; sourceTree = "<group>"; };
		DF8731B01C24318900B755FB /* TimeAxisViewController.m */ = {isa = PBXFileReference; fileEncoding = 4; lastKnownFileType = sourcecode.c.objc; name = TimeAxisViewController.m; path = ../TimeAxisViewController.m; sourceTree = "<group>"; };
		DF8731B21C243F1A00B755FB /* 1-watch.png */ = {isa = PBXFileReference; lastKnownFileType = image.png; path = "1-watch.png"; sourceTree = "<group>"; };
		DF8731B41C243FB700B755FB /* 1-watch@2x.png */ = {isa = PBXFileReference; lastKnownFileType = image.png; path = "1-watch@2x.png"; sourceTree = "<group>"; };
		DF8731B61C24400C00B755FB /* 1-watch@3x.png */ = {isa = PBXFileReference; lastKnownFileType = image.png; path = "1-watch@3x.png"; sourceTree = "<group>"; };
		DF8731B81C2442E500B755FB /* ScrollView.h */ = {isa = PBXFileReference; fileEncoding = 4; lastKnownFileType = sourcecode.c.h; path = ScrollView.h; sourceTree = "<group>"; };
		DF8731B91C2442E500B755FB /* ScrollView.m */ = {isa = PBXFileReference; fileEncoding = 4; lastKnownFileType = sourcecode.c.objc; path = ScrollView.m; sourceTree = "<group>"; };
		DF8B9A631C36E50B0000B911 /* image.png */ = {isa = PBXFileReference; lastKnownFileType = image.png; path = image.png; sourceTree = "<group>"; };
		DFA35B401C32C43700C8C28F /* UpdateMessageView.h */ = {isa = PBXFileReference; fileEncoding = 4; lastKnownFileType = sourcecode.c.h; path = UpdateMessageView.h; sourceTree = "<group>"; };
		DFA35B411C32C43700C8C28F /* UpdateMessageView.m */ = {isa = PBXFileReference; fileEncoding = 4; lastKnownFileType = sourcecode.c.objc; path = UpdateMessageView.m; sourceTree = "<group>"; };
/* End PBXFileReference section */

/* Begin PBXFrameworksBuildPhase section */
		DF87316D1C24251400B755FB /* Frameworks */ = {
			isa = PBXFrameworksBuildPhase;
			buildActionMask = 2147483647;
			files = (
				DF3FF2051C2FE53000C55D84 /* AVFoundation.framework in Frameworks */,
				DF3FF1C71C2EB15700C55D84 /* libdsm.a in Frameworks */,
				DF3FF1C81C2EB15700C55D84 /* libtasn1.a in Frameworks */,
				DF3FF19C1C2EA2A100C55D84 /* libiconv.tbd in Frameworks */,
			);
			runOnlyForDeploymentPostprocessing = 0;
		};
		DF8731861C24251500B755FB /* Frameworks */ = {
			isa = PBXFrameworksBuildPhase;
			buildActionMask = 2147483647;
			files = (
			);
			runOnlyForDeploymentPostprocessing = 0;
		};
		DF8731911C24251500B755FB /* Frameworks */ = {
			isa = PBXFrameworksBuildPhase;
			buildActionMask = 2147483647;
			files = (
			);
			runOnlyForDeploymentPostprocessing = 0;
		};
/* End PBXFrameworksBuildPhase section */

/* Begin PBXGroup section */
		DF3FF19D1C2EA52C00C55D84 /* Network */ = {
			isa = PBXGroup;
			children = (
				DF3FF2011C2ED84500C55D84 /* SeverListViewController.h */,
				DF3FF2021C2ED84500C55D84 /* SeverListViewController.m */,
			);
			name = Network;
			sourceTree = "<group>";
		};
		DF3FF1A61C2EB15700C55D84 /* TOSMBClient */ = {
			isa = PBXGroup;
			children = (
				DF3FF1A91C2EB15700C55D84 /* libdsm */,
				DF3FF1B71C2EB15700C55D84 /* TONetBIOSNameService.h */,
				DF3FF1B81C2EB15700C55D84 /* TONetBIOSNameService.m */,
				DF3FF1B91C2EB15700C55D84 /* TONetBIOSNameServiceEntry.h */,
				DF3FF1BA1C2EB15700C55D84 /* TONetBIOSNameServiceEntry.m */,
				DF3FF1BB1C2EB15700C55D84 /* TOSMBClient.h */,
				DF3FF1BC1C2EB15700C55D84 /* TOSMBConstants.h */,
				DF3FF1BD1C2EB15700C55D84 /* TOSMBConstants.m */,
				DF3FF1BE1C2EB15700C55D84 /* TOSMBExifDownloadTask.h */,
				DF3FF1BF1C2EB15700C55D84 /* TOSMBExifDownloadTask.m */,
				DF3FF1C01C2EB15700C55D84 /* TOSMBSession.h */,
				DF3FF1C11C2EB15700C55D84 /* TOSMBSession.m */,
				DF3FF1C21C2EB15700C55D84 /* TOSMBSessionDownloadTask.h */,
				DF3FF1C31C2EB15700C55D84 /* TOSMBSessionDownloadTask.m */,
				DF3FF1C41C2EB15700C55D84 /* TOSMBSessionFile.h */,
				DF3FF1C51C2EB15700C55D84 /* TOSMBSessionFile.m */,
			);
			path = TOSMBClient;
			sourceTree = "<group>";
		};
		DF3FF1A91C2EB15700C55D84 /* libdsm */ = {
			isa = PBXGroup;
			children = (
				DF3FF1AA1C2EB15700C55D84 /* bdsm */,
				DF3FF1B51C2EB15700C55D84 /* libdsm.a */,
				DF3FF1B61C2EB15700C55D84 /* libtasn1.a */,
			);
			path = libdsm;
			sourceTree = "<group>";
		};
		DF3FF1AA1C2EB15700C55D84 /* bdsm */ = {
			isa = PBXGroup;
			children = (
				DF3FF1AB1C2EB15700C55D84 /* bdsm.h */,
				DF3FF1AC1C2EB15700C55D84 /* libtasn1.h */,
				DF3FF1AD1C2EB15700C55D84 /* netbios_defs.h */,
				DF3FF1AE1C2EB15700C55D84 /* netbios_ns.h */,
				DF3FF1AF1C2EB15700C55D84 /* smb_defs.h */,
				DF3FF1B01C2EB15700C55D84 /* smb_file.h */,
				DF3FF1B11C2EB15700C55D84 /* smb_session.h */,
				DF3FF1B21C2EB15700C55D84 /* smb_share.h */,
				DF3FF1B31C2EB15700C55D84 /* smb_stat.h */,
				DF3FF1B41C2EB15700C55D84 /* smb_types.h */,
			);
			path = bdsm;
			sourceTree = "<group>";
		};
		DF3FF1D01C2EC4DC00C55D84 /* Activity */ = {
			isa = PBXGroup;
			children = (
				DF3FF1FE1C2EC55F00C55D84 /* LoadingView.h */,
				DF3FF1FF1C2EC55F00C55D84 /* LoadingView.m */,
				DFA35B401C32C43700C8C28F /* UpdateMessageView.h */,
				DFA35B411C32C43700C8C28F /* UpdateMessageView.m */,
			);
			name = Activity;
			sourceTree = "<group>";
		};
		DF3FF2091C2FF0FA00C55D84 /* BackgroundRunner */ = {
			isa = PBXGroup;
			children = (
				DF3FF2061C2FF02200C55D84 /* BackgroundRunner.h */,
				DF3FF2071C2FF02200C55D84 /* BackgroundRunner.m */,
			);
			name = BackgroundRunner;
			sourceTree = "<group>";
		};
		DF7D902D1C24F11D00654258 /* images */ = {
			isa = PBXGroup;
			children = (
				DF84FEA61C2ACB1F00D7CF9E /* DayPictureCellBackground.png */,
				DF7D90331C25849E00654258 /* huaduobg.png */,
				DF7D902F1C24F43300654258 /* DefaultBackgroundImage.png */,
			);
			name = images;
			sourceTree = "<group>";
		};
		DF7D902E1C24F13B00654258 /* icons */ = {
			isa = PBXGroup;
			children = (
				DF8731B61C24400C00B755FB /* 1-watch@3x.png */,
				DF8731B41C243FB700B755FB /* 1-watch@2x.png */,
				DF8731B21C243F1A00B755FB /* 1-watch.png */,
			);
			name = icons;
			sourceTree = "<group>";
		};
		DF8731671C24251400B755FB = {
			isa = PBXGroup;
			children = (
				DF8B9A631C36E50B0000B911 /* image.png */,
				DF3FF2041C2FE53000C55D84 /* AVFoundation.framework */,
				DF3FF1A61C2EB15700C55D84 /* TOSMBClient */,
				DF3FF19B1C2EA2A100C55D84 /* libiconv.tbd */,
				DF7D902E1C24F13B00654258 /* icons */,
				DF7D902D1C24F11D00654258 /* images */,
				DF8731A61C2425D800B755FB /* RootViewController.h */,
				DF8731A71C2425D800B755FB /* RootViewController.m */,
				DF8731721C24251400B755FB /* PictureManager */,
				DF87318C1C24251500B755FB /* PictureManagerTests */,
				DF8731971C24251500B755FB /* PictureManagerUITests */,
				DF8731711C24251400B755FB /* Products */,
			);
			sourceTree = "<group>";
		};
		DF8731711C24251400B755FB /* Products */ = {
			isa = PBXGroup;
			children = (
				DF8731701C24251400B755FB /* PictureManager.app */,
				DF8731891C24251500B755FB /* PictureManagerTests.xctest */,
				DF8731941C24251500B755FB /* PictureManagerUITests.xctest */,
			);
			name = Products;
			sourceTree = "<group>";
		};
		DF8731721C24251400B755FB /* PictureManager */ = {
			isa = PBXGroup;
			children = (
				DF3FF2091C2FF0FA00C55D84 /* BackgroundRunner */,
				DF3FF1D01C2EC4DC00C55D84 /* Activity */,
				DF3FF19D1C2EA52C00C55D84 /* Network */,
				DF8731761C24251500B755FB /* AppDelegate.h */,
				DF8731771C24251500B755FB /* AppDelegate.m */,
				DF8731AF1C24318900B755FB /* TimeAxisViewController.h */,
				DF8731B01C24318900B755FB /* TimeAxisViewController.m */,
				DF84FEA01C2AB9F900D7CF9E /* DayPictureCell.h */,
				DF84FEA11C2AB9F900D7CF9E /* DayPictureCell.m */,
				DF84FEA31C2ABAC300D7CF9E /* PictureInfo.h */,
				DF84FEA41C2ABAC300D7CF9E /* PictureInfo.m */,
				DF8731B81C2442E500B755FB /* ScrollView.h */,
				DF8731B91C2442E500B755FB /* ScrollView.m */,
				DF8731AC1C24316000B755FB /* BasicViewController.h */,
				DF8731AD1C24316000B755FB /* BasicViewController.m */,
				DF87317F1C24251500B755FB /* Assets.xcassets */,
				DF8731811C24251500B755FB /* LaunchScreen.storyboard */,
				DF8731841C24251500B755FB /* Info.plist */,
				DF8731731C24251400B755FB /* Supporting Files */,
			);
			path = PictureManager;
			sourceTree = "<group>";
		};
		DF8731731C24251400B755FB /* Supporting Files */ = {
			isa = PBXGroup;
			children = (
				DF8731741C24251500B755FB /* main.m */,
			);
			name = "Supporting Files";
			sourceTree = "<group>";
		};
		DF87318C1C24251500B755FB /* PictureManagerTests */ = {
			isa = PBXGroup;
			children = (
				DF87318D1C24251500B755FB /* PictureManagerTests.m */,
				DF87318F1C24251500B755FB /* Info.plist */,
			);
			path = PictureManagerTests;
			sourceTree = "<group>";
		};
		DF8731971C24251500B755FB /* PictureManagerUITests */ = {
			isa = PBXGroup;
			children = (
				DF8731981C24251500B755FB /* PictureManagerUITests.m */,
				DF87319A1C24251500B755FB /* Info.plist */,
			);
			path = PictureManagerUITests;
			sourceTree = "<group>";
		};
/* End PBXGroup section */

/* Begin PBXNativeTarget section */
		DF87316F1C24251400B755FB /* PictureManager */ = {
			isa = PBXNativeTarget;
			buildConfigurationList = DF87319D1C24251500B755FB /* Build configuration list for PBXNativeTarget "PictureManager" */;
			buildPhases = (
				DF87316C1C24251400B755FB /* Sources */,
				DF87316D1C24251400B755FB /* Frameworks */,
				DF87316E1C24251400B755FB /* Resources */,
			);
			buildRules = (
			);
			dependencies = (
			);
			name = PictureManager;
			productName = PictureManager;
			productReference = DF8731701C24251400B755FB /* PictureManager.app */;
			productType = "com.apple.product-type.application";
		};
		DF8731881C24251500B755FB /* PictureManagerTests */ = {
			isa = PBXNativeTarget;
			buildConfigurationList = DF8731A01C24251500B755FB /* Build configuration list for PBXNativeTarget "PictureManagerTests" */;
			buildPhases = (
				DF8731851C24251500B755FB /* Sources */,
				DF8731861C24251500B755FB /* Frameworks */,
				DF8731871C24251500B755FB /* Resources */,
			);
			buildRules = (
			);
			dependencies = (
				DF87318B1C24251500B755FB /* PBXTargetDependency */,
			);
			name = PictureManagerTests;
			productName = PictureManagerTests;
			productReference = DF8731891C24251500B755FB /* PictureManagerTests.xctest */;
			productType = "com.apple.product-type.bundle.unit-test";
		};
		DF8731931C24251500B755FB /* PictureManagerUITests */ = {
			isa = PBXNativeTarget;
			buildConfigurationList = DF8731A31C24251500B755FB /* Build configuration list for PBXNativeTarget "PictureManagerUITests" */;
			buildPhases = (
				DF8731901C24251500B755FB /* Sources */,
				DF8731911C24251500B755FB /* Frameworks */,
				DF8731921C24251500B755FB /* Resources */,
			);
			buildRules = (
			);
			dependencies = (
				DF8731961C24251500B755FB /* PBXTargetDependency */,
			);
			name = PictureManagerUITests;
			productName = PictureManagerUITests;
			productReference = DF8731941C24251500B755FB /* PictureManagerUITests.xctest */;
			productType = "com.apple.product-type.bundle.ui-testing";
		};
/* End PBXNativeTarget section */

/* Begin PBXProject section */
		DF8731681C24251400B755FB /* Project object */ = {
			isa = PBXProject;
			attributes = {
				LastUpgradeCheck = 0710;
				ORGANIZATIONNAME = "-JSX-";
				TargetAttributes = {
					DF87316F1C24251400B755FB = {
						CreatedOnToolsVersion = 7.1.1;
						DevelopmentTeam = VL5M8Y48B3;
					};
					DF8731881C24251500B755FB = {
						CreatedOnToolsVersion = 7.1.1;
						DevelopmentTeam = VL5M8Y48B3;
						TestTargetID = DF87316F1C24251400B755FB;
					};
					DF8731931C24251500B755FB = {
						CreatedOnToolsVersion = 7.1.1;
						DevelopmentTeam = VL5M8Y48B3;
						TestTargetID = DF87316F1C24251400B755FB;
					};
				};
			};
			buildConfigurationList = DF87316B1C24251400B755FB /* Build configuration list for PBXProject "PictureManager" */;
			compatibilityVersion = "Xcode 3.2";
			developmentRegion = English;
			hasScannedForEncodings = 0;
			knownRegions = (
				en,
				Base,
			);
			mainGroup = DF8731671C24251400B755FB;
			productRefGroup = DF8731711C24251400B755FB /* Products */;
			projectDirPath = "";
			projectRoot = "";
			targets = (
				DF87316F1C24251400B755FB /* PictureManager */,
				DF8731881C24251500B755FB /* PictureManagerTests */,
				DF8731931C24251500B755FB /* PictureManagerUITests */,
			);
		};
/* End PBXProject section */

/* Begin PBXResourcesBuildPhase section */
		DF87316E1C24251400B755FB /* Resources */ = {
			isa = PBXResourcesBuildPhase;
			buildActionMask = 2147483647;
			files = (
				DF8731B51C243FB700B755FB /* 1-watch@2x.png in Resources */,
				DF8731B71C24400C00B755FB /* 1-watch@3x.png in Resources */,
				DF84FEA71C2ACB1F00D7CF9E /* DayPictureCellBackground.png in Resources */,
				DF8731B31C243F1A00B755FB /* 1-watch.png in Resources */,
				DF8731831C24251500B755FB /* LaunchScreen.storyboard in Resources */,
				DF8731801C24251500B755FB /* Assets.xcassets in Resources */,
				DF7D90341C25849E00654258 /* huaduobg.png in Resources */,
				DF7D90301C24F43300654258 /* DefaultBackgroundImage.png in Resources */,
				DF8B9A641C36E50B0000B911 /* image.png in Resources */,
			);
			runOnlyForDeploymentPostprocessing = 0;
		};
		DF8731871C24251500B755FB /* Resources */ = {
			isa = PBXResourcesBuildPhase;
			buildActionMask = 2147483647;
			files = (
			);
			runOnlyForDeploymentPostprocessing = 0;
		};
		DF8731921C24251500B755FB /* Resources */ = {
			isa = PBXResourcesBuildPhase;
			buildActionMask = 2147483647;
			files = (
			);
			runOnlyForDeploymentPostprocessing = 0;
		};
/* End PBXResourcesBuildPhase section */

/* Begin PBXSourcesBuildPhase section */
		DF87316C1C24251400B755FB /* Sources */ = {
			isa = PBXSourcesBuildPhase;
			buildActionMask = 2147483647;
			files = (
				DF8731BA1C2442E500B755FB /* ScrollView.m in Sources */,
				DF3FF1CF1C2EB15700C55D84 /* TOSMBSessionFile.m in Sources */,
				DF8731781C24251500B755FB /* AppDelegate.m in Sources */,
				DF8731751C24251500B755FB /* main.m in Sources */,
				DF3FF1CA1C2EB15700C55D84 /* TONetBIOSNameServiceEntry.m in Sources */,
				DF3FF2001C2EC55F00C55D84 /* LoadingView.m in Sources */,
				DF8731AE1C24316000B755FB /* BasicViewController.m in Sources */,
				DF8731B11C24318900B755FB /* TimeAxisViewController.m in Sources */,
				DF3FF1CD1C2EB15700C55D84 /* TOSMBSession.m in Sources */,
				DF3FF2031C2ED84500C55D84 /* SeverListViewController.m in Sources */,
				DF3FF1CE1C2EB15700C55D84 /* TOSMBSessionDownloadTask.m in Sources */,
				DF3FF1C91C2EB15700C55D84 /* TONetBIOSNameService.m in Sources */,
				DF8731A81C2425D800B755FB /* RootViewController.m in Sources */,
				DFA35B421C32C43700C8C28F /* UpdateMessageView.m in Sources */,
				DF3FF2081C2FF02200C55D84 /* BackgroundRunner.m in Sources */,
				DF3FF1CB1C2EB15700C55D84 /* TOSMBConstants.m in Sources */,
				DF84FEA51C2ABAC300D7CF9E /* PictureInfo.m in Sources */,
				DF3FF1CC1C2EB15700C55D84 /* TOSMBExifDownloadTask.m in Sources */,
				DF84FEA21C2AB9F900D7CF9E /* DayPictureCell.m in Sources */,
			);
			runOnlyForDeploymentPostprocessing = 0;
		};
		DF8731851C24251500B755FB /* Sources */ = {
			isa = PBXSourcesBuildPhase;
			buildActionMask = 2147483647;
			files = (
				DF87318E1C24251500B755FB /* PictureManagerTests.m in Sources */,
			);
			runOnlyForDeploymentPostprocessing = 0;
		};
		DF8731901C24251500B755FB /* Sources */ = {
			isa = PBXSourcesBuildPhase;
			buildActionMask = 2147483647;
			files = (
				DF8731991C24251500B755FB /* PictureManagerUITests.m in Sources */,
			);
			runOnlyForDeploymentPostprocessing = 0;
		};
/* End PBXSourcesBuildPhase section */

/* Begin PBXTargetDependency section */
		DF87318B1C24251500B755FB /* PBXTargetDependency */ = {
			isa = PBXTargetDependency;
			target = DF87316F1C24251400B755FB /* PictureManager */;
			targetProxy = DF87318A1C24251500B755FB /* PBXContainerItemProxy */;
		};
		DF8731961C24251500B755FB /* PBXTargetDependency */ = {
			isa = PBXTargetDependency;
			target = DF87316F1C24251400B755FB /* PictureManager */;
			targetProxy = DF8731951C24251500B755FB /* PBXContainerItemProxy */;
		};
/* End PBXTargetDependency section */

/* Begin PBXVariantGroup section */
		DF8731811C24251500B755FB /* LaunchScreen.storyboard */ = {
			isa = PBXVariantGroup;
			children = (
				DF8731821C24251500B755FB /* Base */,
			);
			name = LaunchScreen.storyboard;
			sourceTree = "<group>";
		};
/* End PBXVariantGroup section */

/* Begin XCBuildConfiguration section */
		DF87319B1C24251500B755FB /* Debug */ = {
			isa = XCBuildConfiguration;
			buildSettings = {
				ALWAYS_SEARCH_USER_PATHS = NO;
				CLANG_CXX_LANGUAGE_STANDARD = "gnu++0x";
				CLANG_CXX_LIBRARY = "libc++";
				CLANG_ENABLE_MODULES = YES;
				CLANG_ENABLE_OBJC_ARC = YES;
				CLANG_WARN_BOOL_CONVERSION = YES;
				CLANG_WARN_CONSTANT_CONVERSION = YES;
				CLANG_WARN_DIRECT_OBJC_ISA_USAGE = YES_ERROR;
				CLANG_WARN_EMPTY_BODY = YES;
				CLANG_WARN_ENUM_CONVERSION = YES;
				CLANG_WARN_INT_CONVERSION = YES;
				CLANG_WARN_OBJC_ROOT_CLASS = YES_ERROR;
				CLANG_WARN_UNREACHABLE_CODE = YES;
				CLANG_WARN__DUPLICATE_METHOD_MATCH = YES;
				"CODE_SIGN_IDENTITY[sdk=iphoneos*]" = "iPhone Developer";
				COPY_PHASE_STRIP = NO;
				DEBUG_INFORMATION_FORMAT = dwarf;
				ENABLE_STRICT_OBJC_MSGSEND = YES;
				ENABLE_TESTABILITY = YES;
				GCC_C_LANGUAGE_STANDARD = gnu99;
				GCC_DYNAMIC_NO_PIC = NO;
				GCC_NO_COMMON_BLOCKS = YES;
				GCC_OPTIMIZATION_LEVEL = 0;
				GCC_PREPROCESSOR_DEFINITIONS = (
					"DEBUG=1",
					"$(inherited)",
				);
				GCC_WARN_64_TO_32_BIT_CONVERSION = YES;
				GCC_WARN_ABOUT_RETURN_TYPE = YES_ERROR;
				GCC_WARN_UNDECLARED_SELECTOR = YES;
				GCC_WARN_UNINITIALIZED_AUTOS = YES_AGGRESSIVE;
				GCC_WARN_UNUSED_FUNCTION = YES;
				GCC_WARN_UNUSED_VARIABLE = YES;
				IPHONEOS_DEPLOYMENT_TARGET = 9.1;
				MTL_ENABLE_DEBUG_INFO = YES;
				ONLY_ACTIVE_ARCH = YES;
				SDKROOT = iphoneos;
			};
			name = Debug;
		};
		DF87319C1C24251500B755FB /* Release */ = {
			isa = XCBuildConfiguration;
			buildSettings = {
				ALWAYS_SEARCH_USER_PATHS = NO;
				CLANG_CXX_LANGUAGE_STANDARD = "gnu++0x";
				CLANG_CXX_LIBRARY = "libc++";
				CLANG_ENABLE_MODULES = YES;
				CLANG_ENABLE_OBJC_ARC = YES;
				CLANG_WARN_BOOL_CONVERSION = YES;
				CLANG_WARN_CONSTANT_CONVERSION = YES;
				CLANG_WARN_DIRECT_OBJC_ISA_USAGE = YES_ERROR;
				CLANG_WARN_EMPTY_BODY = YES;
				CLANG_WARN_ENUM_CONVERSION = YES;
				CLANG_WARN_INT_CONVERSION = YES;
				CLANG_WARN_OBJC_ROOT_CLASS = YES_ERROR;
				CLANG_WARN_UNREACHABLE_CODE = YES;
				CLANG_WARN__DUPLICATE_METHOD_MATCH = YES;
				"CODE_SIGN_IDENTITY[sdk=iphoneos*]" = "iPhone Developer";
				COPY_PHASE_STRIP = NO;
				DEBUG_INFORMATION_FORMAT = "dwarf-with-dsym";
				ENABLE_NS_ASSERTIONS = NO;
				ENABLE_STRICT_OBJC_MSGSEND = YES;
				GCC_C_LANGUAGE_STANDARD = gnu99;
				GCC_NO_COMMON_BLOCKS = YES;
				GCC_WARN_64_TO_32_BIT_CONVERSION = YES;
				GCC_WARN_ABOUT_RETURN_TYPE = YES_ERROR;
				GCC_WARN_UNDECLARED_SELECTOR = YES;
				GCC_WARN_UNINITIALIZED_AUTOS = YES_AGGRESSIVE;
				GCC_WARN_UNUSED_FUNCTION = YES;
				GCC_WARN_UNUSED_VARIABLE = YES;
				IPHONEOS_DEPLOYMENT_TARGET = 9.1;
				MTL_ENABLE_DEBUG_INFO = NO;
				SDKROOT = iphoneos;
				VALIDATE_PRODUCT = YES;
			};
			name = Release;
		};
		DF87319E1C24251500B755FB /* Debug */ = {
			isa = XCBuildConfiguration;
			buildSettings = {
				ASSETCATALOG_COMPILER_APPICON_NAME = AppIcon;
				ENABLE_BITCODE = NO;
				INFOPLIST_FILE = PictureManager/Info.plist;
				LD_RUNPATH_SEARCH_PATHS = "$(inherited) @executable_path/Frameworks";
				LIBRARY_SEARCH_PATHS = (
					"$(inherited)",
					"$(PROJECT_DIR)/TOSMBClient/libdsm",
				);
				PRODUCT_BUNDLE_IDENTIFIER = JiangShangXiu.PictureManager;
				PRODUCT_NAME = "$(TARGET_NAME)";
			};
			name = Debug;
		};
		DF87319F1C24251500B755FB /* Release */ = {
			isa = XCBuildConfiguration;
			buildSettings = {
				ASSETCATALOG_COMPILER_APPICON_NAME = AppIcon;
				ENABLE_BITCODE = NO;
				INFOPLIST_FILE = PictureManager/Info.plist;
				LD_RUNPATH_SEARCH_PATHS = "$(inherited) @executable_path/Frameworks";
				LIBRARY_SEARCH_PATHS = (
					"$(inherited)",
					"$(PROJECT_DIR)/TOSMBClient/libdsm",
				);
				PRODUCT_BUNDLE_IDENTIFIER = JiangShangXiu.PictureManager;
				PRODUCT_NAME = "$(TARGET_NAME)";
			};
			name = Release;
		};
		DF8731A11C24251500B755FB /* Debug */ = {
			isa = XCBuildConfiguration;
			buildSettings = {
				BUNDLE_LOADER = "$(TEST_HOST)";
				INFOPLIST_FILE = PictureManagerTests/Info.plist;
				LD_RUNPATH_SEARCH_PATHS = "$(inherited) @executable_path/Frameworks @loader_path/Frameworks";
				PRODUCT_BUNDLE_IDENTIFIER = JiangShangXiu.PictureManagerTests;
				PRODUCT_NAME = "$(TARGET_NAME)";
				TEST_HOST = "$(BUILT_PRODUCTS_DIR)/PictureManager.app/PictureManager";
			};
			name = Debug;
		};
		DF8731A21C24251500B755FB /* Release */ = {
			isa = XCBuildConfiguration;
			buildSettings = {
				BUNDLE_LOADER = "$(TEST_HOST)";
				INFOPLIST_FILE = PictureManagerTests/Info.plist;
				LD_RUNPATH_SEARCH_PATHS = "$(inherited) @executable_path/Frameworks @loader_path/Frameworks";
				PRODUCT_BUNDLE_IDENTIFIER = JiangShangXiu.PictureManagerTests;
				PRODUCT_NAME = "$(TARGET_NAME)";
				TEST_HOST = "$(BUILT_PRODUCTS_DIR)/PictureManager.app/PictureManager";
			};
			name = Release;
		};
		DF8731A41C24251500B755FB /* Debug */ = {
			isa = XCBuildConfiguration;
			buildSettings = {
				INFOPLIST_FILE = PictureManagerUITests/Info.plist;
				LD_RUNPATH_SEARCH_PATHS = "$(inherited) @executable_path/Frameworks @loader_path/Frameworks";
				PRODUCT_BUNDLE_IDENTIFIER = JiangShangXiu.PictureManagerUITests;
				PRODUCT_NAME = "$(TARGET_NAME)";
				TEST_TARGET_NAME = PictureManager;
				USES_XCTRUNNER = YES;
			};
			name = Debug;
		};
		DF8731A51C24251500B755FB /* Release */ = {
			isa = XCBuildConfiguration;
			buildSettings = {
				INFOPLIST_FILE = PictureManagerUITests/Info.plist;
				LD_RUNPATH_SEARCH_PATHS = "$(inherited) @executable_path/Frameworks @loader_path/Frameworks";
				PRODUCT_BUNDLE_IDENTIFIER = JiangShangXiu.PictureManagerUITests;
				PRODUCT_NAME = "$(TARGET_NAME)";
				TEST_TARGET_NAME = PictureManager;
				USES_XCTRUNNER = YES;
			};
			name = Release;
		};
/* End XCBuildConfiguration section */

/* Begin XCConfigurationList section */
		DF87316B1C24251400B755FB /* Build configuration list for PBXProject "PictureManager" */ = {
			isa = XCConfigurationList;
			buildConfigurations = (
				DF87319B1C24251500B755FB /* Debug */,
				DF87319C1C24251500B755FB /* Release */,
			);
			defaultConfigurationIsVisible = 0;
			defaultConfigurationName = Release;
		};
		DF87319D1C24251500B755FB /* Build configuration list for PBXNativeTarget "PictureManager" */ = {
			isa = XCConfigurationList;
			buildConfigurations = (
				DF87319E1C24251500B755FB /* Debug */,
				DF87319F1C24251500B755FB /* Release */,
			);
			defaultConfigurationIsVisible = 0;
			defaultConfigurationName = Release;
		};
		DF8731A01C24251500B755FB /* Build configuration list for PBXNativeTarget "PictureManagerTests" */ = {
			isa = XCConfigurationList;
			buildConfigurations = (
				DF8731A11C24251500B755FB /* Debug */,
				DF8731A21C24251500B755FB /* Release */,
			);
			defaultConfigurationIsVisible = 0;
			defaultConfigurationName = Release;
		};
		DF8731A31C24251500B755FB /* Build configuration list for PBXNativeTarget "PictureManagerUITests" */ = {
			isa = XCConfigurationList;
			buildConfigurations = (
				DF8731A41C24251500B755FB /* Debug */,
				DF8731A51C24251500B755FB /* Release */,
			);
			defaultConfigurationIsVisible = 0;
			defaultConfigurationName = Release;
		};
/* End XCConfigurationList section */
	};
	rootObject = DF8731681C24251400B755FB /* Project object */;
}
